
Microsoft Visual Studio Solution File, Format Version 12.00
# Visual Studio Version 17
VisualStudioVersion = 17.14.36401.2
MinimumVisualStudioVersion = 10.0.40219.1
Project("{2150E333-8FDC-42A3-9474-1A3956D46DE8}") = "PrácticaP1", "PrácticaP1", "{D81CFE45-048C-4EF3-9104-57E1130108CC}"
EndProject
Project("{FAE04EC0-301F-11D3-BF4B-00C04F79EFBC}") = "CRUD_AdoNet", "CRUD_AdoNet\CRUD_AdoNet.csproj", "{8BCD242B-ABA3-4288-A1A2-082FD48CA809}"
EndProject
Project("{FAE04EC0-301F-11D3-BF4B-00C04F79EFBC}") = "CRUD_DataSet", "CRUD_DataSet\CRUD_DataSet.csproj", "{9CE5F4CC-A521-40A7-B29C-8A3F9E710954}"
EndProject
Project("{FAE04EC0-301F-11D3-BF4B-00C04F79EFBC}") = "CRUD_Entity", "CRUD_Entity\CRUD_Entity.csproj", "{A76ADF00-EBFB-418F-AA0E-36082E15392F}"
EndProject
Project("{FAE04EC0-301F-11D3-BF4B-00C04F79EFBC}") = "CRUD_Ado_PasajesAvion", "CRUD_Ado_PasajesAvion\CRUD_Ado_PasajesAvion.csproj", "{327DB0BF-4A7D-424D-AE1B-8A73BD9C2447}"
EndProject
Project("{2150E333-8FDC-42A3-9474-1A3956D46DE8}") = "MCV", "MCV", "{02EA681E-C7D8-13C7-8484-4AC65E1B71E8}"
EndProject
Project("{FAE04EC0-301F-11D3-BF4B-00C04F79EFBC}") = "VISTA", "VISTA\VISTA.csproj", "{55076731-B2B5-4186-B27A-F6B1479A7BA3}"
	ProjectSection(ProjectDependencies) = postProject
		{A25445DB-6051-41BA-815E-81B3A3B5C8FA} = {A25445DB-6051-41BA-815E-81B3A3B5C8FA}
	EndProjectSection
EndProject
Project("{FAE04EC0-301F-11D3-BF4B-00C04F79EFBC}") = "Controladora", "Controladora\Controladora.csproj", "{A25445DB-6051-41BA-815E-81B3A3B5C8FA}"
	ProjectSection(ProjectDependencies) = postProject
		{E23BB706-3240-4881-A249-B6FE6DCA14ED} = {E23BB706-3240-4881-A249-B6FE6DCA14ED}
	EndProjectSection
EndProject
Project("{FAE04EC0-301F-11D3-BF4B-00C04F79EFBC}") = "Modelo", "Modelo\Modelo.csproj", "{E23BB706-3240-4881-A249-B6FE6DCA14ED}"
EndProject
Global
	GlobalSection(SolutionConfigurationPlatforms) = preSolution
		Debug|Any CPU = Debug|Any CPU
		Release|Any CPU = Release|Any CPU
	EndGlobalSection
	GlobalSection(ProjectConfigurationPlatforms) = postSolution
		{8BCD242B-ABA3-4288-A1A2-082FD48CA809}.Debug|Any CPU.ActiveCfg = Debug|Any CPU
		{8BCD242B-ABA3-4288-A1A2-082FD48CA809}.Debug|Any CPU.Build.0 = Debug|Any CPU
		{8BCD242B-ABA3-4288-A1A2-082FD48CA809}.Release|Any CPU.ActiveCfg = Release|Any CPU
		{8BCD242B-ABA3-4288-A1A2-082FD48CA809}.Release|Any CPU.Build.0 = Release|Any CPU
		{9CE5F4CC-A521-40A7-B29C-8A3F9E710954}.Debug|Any CPU.ActiveCfg = Debug|Any CPU
		{9CE5F4CC-A521-40A7-B29C-8A3F9E710954}.Debug|Any CPU.Build.0 = Debug|Any CPU
		{9CE5F4CC-A521-40A7-B29C-8A3F9E710954}.Release|Any CPU.ActiveCfg = Release|Any CPU
		{9CE5F4CC-A521-40A7-B29C-8A3F9E710954}.Release|Any CPU.Build.0 = Release|Any CPU
		{A76ADF00-EBFB-418F-AA0E-36082E15392F}.Debug|Any CPU.ActiveCfg = Debug|Any CPU
		{A76ADF00-EBFB-418F-AA0E-36082E15392F}.Debug|Any CPU.Build.0 = Debug|Any CPU
		{A76ADF00-EBFB-418F-AA0E-36082E15392F}.Release|Any CPU.ActiveCfg = Release|Any CPU
		{A76ADF00-EBFB-418F-AA0E-36082E15392F}.Release|Any CPU.Build.0 = Release|Any CPU
		{327DB0BF-4A7D-424D-AE1B-8A73BD9C2447}.Debug|Any CPU.ActiveCfg = Debug|Any CPU
		{327DB0BF-4A7D-424D-AE1B-8A73BD9C2447}.Debug|Any CPU.Build.0 = Debug|Any CPU
		{327DB0BF-4A7D-424D-AE1B-8A73BD9C2447}.Release|Any CPU.ActiveCfg = Release|Any CPU
		{327DB0BF-4A7D-424D-AE1B-8A73BD9C2447}.Release|Any CPU.Build.0 = Release|Any CPU
		{55076731-B2B5-4186-B27A-F6B1479A7BA3}.Debug|Any CPU.ActiveCfg = Debug|Any CPU
		{55076731-B2B5-4186-B27A-F6B1479A7BA3}.Debug|Any CPU.Build.0 = Debug|Any CPU
		{55076731-B2B5-4186-B27A-F6B1479A7BA3}.Release|Any CPU.ActiveCfg = Release|Any CPU
		{55076731-B2B5-4186-B27A-F6B1479A7BA3}.Release|Any CPU.Build.0 = Release|Any CPU
		{A25445DB-6051-41BA-815E-81B3A3B5C8FA}.Debug|Any CPU.ActiveCfg = Debug|Any CPU
		{A25445DB-6051-41BA-815E-81B3A3B5C8FA}.Debug|Any CPU.Build.0 = Debug|Any CPU
		{A25445DB-6051-41BA-815E-81B3A3B5C8FA}.Release|Any CPU.ActiveCfg = Release|Any CPU
		{A25445DB-6051-41BA-815E-81B3A3B5C8FA}.Release|Any CPU.Build.0 = Release|Any CPU
		{E23BB706-3240-4881-A249-B6FE6DCA14ED}.Debug|Any CPU.ActiveCfg = Debug|Any CPU
		{E23BB706-3240-4881-A249-B6FE6DCA14ED}.Debug|Any CPU.Build.0 = Debug|Any CPU
		{E23BB706-3240-4881-A249-B6FE6DCA14ED}.Release|Any CPU.ActiveCfg = Release|Any CPU
		{E23BB706-3240-4881-A249-B6FE6DCA14ED}.Release|Any CPU.Build.0 = Release|Any CPU
	EndGlobalSection
	GlobalSection(SolutionProperties) = preSolution
		HideSolutionNode = FALSE
	EndGlobalSection
	GlobalSection(NestedProjects) = preSolution
		{327DB0BF-4A7D-424D-AE1B-8A73BD9C2447} = {D81CFE45-048C-4EF3-9104-57E1130108CC}
		{55076731-B2B5-4186-B27A-F6B1479A7BA3} = {02EA681E-C7D8-13C7-8484-4AC65E1B71E8}
		{A25445DB-6051-41BA-815E-81B3A3B5C8FA} = {02EA681E-C7D8-13C7-8484-4AC65E1B71E8}
		{E23BB706-3240-4881-A249-B6FE6DCA14ED} = {02EA681E-C7D8-13C7-8484-4AC65E1B71E8}
	EndGlobalSection
	GlobalSection(ExtensibilityGlobals) = postSolution
		SolutionGuid = {99D0E865-335E-4971-A742-DC4DCE1B03CF}
	EndGlobalSection
EndGlobal
