
Microsoft Visual Studio Solution File, Format Version 12.00
# Visual Studio Version 17
VisualStudioVersion = 17.14.36518.9 d17.14
MinimumVisualStudioVersion = 10.0.40219.1
Project("{FAE04EC0-301F-11D3-BF4B-00C04F79EFBC}") = "VISTA", "VISTA.csproj", "{C8452F7B-4EAB-4EA5-888C-CC1B8A68CC38}"
EndProject
Project("{FAE04EC0-301F-11D3-BF4B-00C04F79EFBC}") = "Controladora", "..\Controladora\Controladora.csproj", "{A6C18FD3-7C63-4FBE-9084-3B00692AE897}"
EndProject
Project("{FAE04EC0-301F-11D3-BF4B-00C04F79EFBC}") = "Modelo", "..\Modelo\Modelo.csproj", "{6C8869EE-5400-4C61-9F76-03EEACDEDD8D}"
EndProject
Project("{FAE04EC0-301F-11D3-BF4B-00C04F79EFBC}") = "Entidades", "..\Entidades\Entidades.csproj", "{C0CD767D-4F6E-420E-9AD5-A8C03373A482}"
EndProject
Global
	GlobalSection(SolutionConfigurationPlatforms) = preSolution
		Debug|Any CPU = Debug|Any CPU
		Release|Any CPU = Release|Any CPU
	EndGlobalSection
	GlobalSection(ProjectConfigurationPlatforms) = postSolution
		{C8452F7B-4EAB-4EA5-888C-CC1B8A68CC38}.Debug|Any CPU.ActiveCfg = Debug|Any CPU
		{C8452F7B-4EAB-4EA5-888C-CC1B8A68CC38}.Debug|Any CPU.Build.0 = Debug|Any CPU
		{C8452F7B-4EAB-4EA5-888C-CC1B8A68CC38}.Release|Any CPU.ActiveCfg = Release|Any CPU
		{C8452F7B-4EAB-4EA5-888C-CC1B8A68CC38}.Release|Any CPU.Build.0 = Release|Any CPU
		{A6C18FD3-7C63-4FBE-9084-3B00692AE897}.Debug|Any CPU.ActiveCfg = Debug|Any CPU
		{A6C18FD3-7C63-4FBE-9084-3B00692AE897}.Debug|Any CPU.Build.0 = Debug|Any CPU
		{A6C18FD3-7C63-4FBE-9084-3B00692AE897}.Release|Any CPU.ActiveCfg = Release|Any CPU
		{A6C18FD3-7C63-4FBE-9084-3B00692AE897}.Release|Any CPU.Build.0 = Release|Any CPU
		{6C8869EE-5400-4C61-9F76-03EEACDEDD8D}.Debug|Any CPU.ActiveCfg = Debug|Any CPU
		{6C8869EE-5400-4C61-9F76-03EEACDEDD8D}.Debug|Any CPU.Build.0 = Debug|Any CPU
		{6C8869EE-5400-4C61-9F76-03EEACDEDD8D}.Release|Any CPU.ActiveCfg = Release|Any CPU
		{6C8869EE-5400-4C61-9F76-03EEACDEDD8D}.Release|Any CPU.Build.0 = Release|Any CPU
		{C0CD767D-4F6E-420E-9AD5-A8C03373A482}.Debug|Any CPU.ActiveCfg = Debug|Any CPU
		{C0CD767D-4F6E-420E-9AD5-A8C03373A482}.Debug|Any CPU.Build.0 = Debug|Any CPU
		{C0CD767D-4F6E-420E-9AD5-A8C03373A482}.Release|Any CPU.ActiveCfg = Release|Any CPU
		{C0CD767D-4F6E-420E-9AD5-A8C03373A482}.Release|Any CPU.Build.0 = Release|Any CPU
	EndGlobalSection
	GlobalSection(SolutionProperties) = preSolution
		HideSolutionNode = FALSE
	EndGlobalSection
	GlobalSection(ExtensibilityGlobals) = postSolution
		SolutionGuid = {A5C80531-182E-441C-BCF2-7D5211330EC9}
	EndGlobalSection
EndGlobal
